// !$*UTF8*$!
{
	archiveVersion = 1;
	classes = {
	};
	objectVersion = 46;
	objects = {

/* Begin PBXBuildFile section */
		30E49ACA1DC3B349000F1790 /* main.swift in Sources */ = {isa = PBXBuildFile; fileRef = 30E49AC91DC3B349000F1790 /* main.swift */; };
		30E49B141DC3C154000F1790 /* RegExProcessor.swift in Sources */ = {isa = PBXBuildFile; fileRef = 30E49B131DC3C154000F1790 /* RegExProcessor.swift */; };
/* End PBXBuildFile section */

/* Begin PBXCopyFilesBuildPhase section */
		30E49AC41DC3B349000F1790 /* CopyFiles */ = {
			isa = PBXCopyFilesBuildPhase;
			buildActionMask = 2147483647;
			dstPath = /usr/share/man/man1/;
			dstSubfolderSpec = 0;
			files = (
			);
			runOnlyForDeploymentPostprocessing = 1;
		};
/* End PBXCopyFilesBuildPhase section */

/* Begin PBXFileReference section */
		30E49AC61DC3B349000F1790 /* RegexpCommandLine */ = {isa = PBXFileReference; explicitFileType = "compiled.mach-o.executable"; includeInIndex = 0; path = RegexpCommandLine; sourceTree = BUILT_PRODUCTS_DIR; };
		30E49AC91DC3B349000F1790 /* main.swift */ = {isa = PBXFileReference; lastKnownFileType = sourcecode.swift; path = main.swift; sourceTree = "<group>"; };
		30E49B131DC3C154000F1790 /* RegExProcessor.swift */ = {isa = PBXFileReference; fileEncoding = 4; lastKnownFileType = sourcecode.swift; name = RegExProcessor.swift; path = ../../RegexiOS/RegExProcessor.swift; sourceTree = "<group>"; };
/* End PBXFileReference section */

/* Begin PBXFrameworksBuildPhase section */
		30E49AC31DC3B349000F1790 /* Frameworks */ = {
			isa = PBXFrameworksBuildPhase;
			buildActionMask = 2147483647;
			files = (
			);
			runOnlyForDeploymentPostprocessing = 0;
		};
/* End PBXFrameworksBuildPhase section */

/* Begin PBXGroup section */
		30E49ABD1DC3B349000F1790 = {
			isa = PBXGroup;
			children = (
				30E49AC81DC3B349000F1790 /* RegexpCommandLine */,
				30E49AC71DC3B349000F1790 /* Products */,
			);
			sourceTree = "<group>";
		};
		30E49AC71DC3B349000F1790 /* Products */ = {
			isa = PBXGroup;
			children = (
				30E49AC61DC3B349000F1790 /* RegexpCommandLine */,
			);
			name = Products;
			sourceTree = "<group>";
		};
		30E49AC81DC3B349000F1790 /* RegexpCommandLine */ = {
			isa = PBXGroup;
			children = (
				30E49B131DC3C154000F1790 /* RegExProcessor.swift */,
				30E49AC91DC3B349000F1790 /* main.swift */,
			);
			path = RegexpCommandLine;
			sourceTree = "<group>";
		};
/* End PBXGroup section */

/* Begin PBXNativeTarget section */
		30E49AC51DC3B349000F1790 /* RegexpCommandLine */ = {
			isa = PBXNativeTarget;
			buildConfigurationList = 30E49ACD1DC3B349000F1790 /* Build configuration list for PBXNativeTarget "RegexpCommandLine" */;
			buildPhases = (
				30E49AC21DC3B349000F1790 /* Sources */,
				30E49AC31DC3B349000F1790 /* Frameworks */,
				30E49AC41DC3B349000F1790 /* CopyFiles */,
			);
			buildRules = (
			);
			dependencies = (
			);
			name = RegexpCommandLine;
			productName = RegexpCommandLine;
			productReference = 30E49AC61DC3B349000F1790 /* RegexpCommandLine */;
			productType = "com.apple.product-type.tool";
		};
/* End PBXNativeTarget section */

/* Begin PBXProject section */
		30E49ABE1DC3B349000F1790 /* Project object */ = {
			isa = PBXProject;
			attributes = {
				LastSwiftUpdateCheck = 0800;
				LastUpgradeCheck = 0800;
				ORGANIZATIONNAME = "Saim Zahid";
				TargetAttributes = {
					30E49AC51DC3B349000F1790 = {
						CreatedOnToolsVersion = 8.0;
						DevelopmentTeam = 25LAFJU3F7;
						ProvisioningStyle = Automatic;
					};
				};
			};
			buildConfigurationList = 30E49AC11DC3B349000F1790 /* Build configuration list for PBXProject "RegexpCommandLine" */;
			compatibilityVersion = "Xcode 3.2";
			developmentRegion = English;
			hasScannedForEncodings = 0;
			knownRegions = (
				en,
			);
			mainGroup = 30E49ABD1DC3B349000F1790;
			productRefGroup = 30E49AC71DC3B349000F1790 /* Products */;
			projectDirPath = "";
			projectRoot = "";
			targets = (
				30E49AC51DC3B349000F1790 /* RegexpCommandLine */,
			);
		};
/* End PBXProject section */

/* Begin PBXSourcesBuildPhase section */
		30E49AC21DC3B349000F1790 /* Sources */ = {
			isa = PBXSourcesBuildPhase;
			buildActionMask = 2147483647;
			files = (
				30E49B141DC3C154000F1790 /* RegExProcessor.swift in Sources */,
				30E49ACA1DC3B349000F1790 /* main.swift in Sources */,
			);
			runOnlyForDeploymentPostprocessing = 0;
		};
/* End PBXSourcesBuildPhase section */

/* Begin XCBuildConfiguration section */
		30E49ACB1DC3B349000F1790 /* Debug */ = {
			isa = XCBuildConfiguration;
			buildSettings = {
				ALWAYS_SEARCH_USER_PATHS = NO;
				CLANG_ANALYZER_NONNULL = YES;
				CLANG_CXX_LANGUAGE_STANDARD = "gnu++0x";
				CLANG_CXX_LIBRARY = "libc++";
				CLANG_ENABLE_MODULES = YES;
				CLANG_ENABLE_OBJC_ARC = YES;
				CLANG_WARN_BOOL_CONVERSION = YES;
				CLANG_WARN_CONSTANT_CONVERSION = YES;
				CLANG_WARN_DIRECT_OBJC_ISA_USAGE = YES_ERROR;
				CLANG_WARN_DOCUMENTATION_COMMENTS = YES;
				CLANG_WARN_EMPTY_BODY = YES;
				CLANG_WARN_ENUM_CONVERSION = YES;
				CLANG_WARN_INFINITE_RECURSION = YES;
				CLANG_WARN_INT_CONVERSION = YES;
				CLANG_WARN_OBJC_ROOT_CLASS = YES_ERROR;
				CLANG_WARN_SUSPICIOUS_MOVES = YES;
				CLANG_WARN_UNREACHABLE_CODE = YES;
				CLANG_WARN__DUPLICATE_METHOD_MATCH = YES;
				CODE_SIGN_IDENTITY = "-";
				COPY_PHASE_STRIP = NO;
				DEBUG_INFORMATION_FORMAT = dwarf;
				ENABLE_STRICT_OBJC_MSGSEND = YES;
				ENABLE_TESTABILITY = YES;
				GCC_C_LANGUAGE_STANDARD = gnu99;
				GCC_DYNAMIC_NO_PIC = NO;
				GCC_NO_COMMON_BLOCKS = YES;
				GCC_OPTIMIZATION_LEVEL = 0;
				GCC_PREPROCESSOR_DEFINITIONS = (
					"DEBUG=1",
					"$(inherited)",
				);
				GCC_WARN_64_TO_32_BIT_CONVERSION = YES;
				GCC_WARN_ABOUT_RETURN_TYPE = YES_ERROR;
				GCC_WARN_UNDECLARED_SELECTOR = YES;
				GCC_WARN_UNINITIALIZED_AUTOS = YES_AGGRESSIVE;
				GCC_WARN_UNUSED_FUNCTION = YES;
				GCC_WARN_UNUSED_VARIABLE = YES;
				MACOSX_DEPLOYMENT_TARGET = 10.12;
				MTL_ENABLE_DEBUG_INFO = YES;
				ONLY_ACTIVE_ARCH = YES;
				SDKROOT = macosx;
				SWIFT_OPTIMIZATION_LEVEL = "-Onone";
			};
			name = Debug;
		};
		30E49ACC1DC3B349000F1790 /* Release */ = {
			isa = XCBuildConfiguration;
			buildSettings = {
				ALWAYS_SEARCH_USER_PATHS = NO;
				CLANG_ANALYZER_NONNULL = YES;
				CLANG_CXX_LANGUAGE_STANDARD = "gnu++0x";
				CLANG_CXX_LIBRARY = "libc++";
				CLANG_ENABLE_MODULES = YES;
				CLANG_ENABLE_OBJC_ARC = YES;
				CLANG_WARN_BOOL_CONVERSION = YES;
				CLANG_WARN_CONSTANT_CONVERSION = YES;
				CLANG_WARN_DIRECT_OBJC_ISA_USAGE = YES_ERROR;
				CLANG_WARN_DOCUMENTATION_COMMENTS = YES;
				CLANG_WARN_EMPTY_BODY = YES;
				CLANG_WARN_ENUM_CONVERSION = YES;
				CLANG_WARN_INFINITE_RECURSION = YES;
				CLANG_WARN_INT_CONVERSION = YES;
				CLANG_WARN_OBJC_ROOT_CLASS = YES_ERROR;
				CLANG_WARN_SUSPICIOUS_MOVES = YES;
				CLANG_WARN_UNREACHABLE_CODE = YES;
				CLANG_WARN__DUPLICATE_METHOD_MATCH = YES;
				CODE_SIGN_IDENTITY = "-";
				COPY_PHASE_STRIP = NO;
				DEBUG_INFORMATION_FORMAT = "dwarf-with-dsym";
				ENABLE_NS_ASSERTIONS = NO;
				ENABLE_STRICT_OBJC_MSGSEND = YES;
				GCC_C_LANGUAGE_STANDARD = gnu99;
				GCC_NO_COMMON_BLOCKS = YES;
				GCC_WARN_64_TO_32_BIT_CONVERSION = YES;
				GCC_WARN_ABOUT_RETURN_TYPE = YES_ERROR;
				GCC_WARN_UNDECLARED_SELECTOR = YES;
				GCC_WARN_UNINITIALIZED_AUTOS = YES_AGGRESSIVE;
				GCC_WARN_UNUSED_FUNCTION = YES;
				GCC_WARN_UNUSED_VARIABLE = YES;
				MACOSX_DEPLOYMENT_TARGET = 10.12;
				MTL_ENABLE_DEBUG_INFO = NO;
				SDKROOT = macosx;
			};
			name = Release;
		};
		30E49ACE1DC3B349000F1790 /* Debug */ = {
			isa = XCBuildConfiguration;
			buildSettings = {
				DEVELOPMENT_TEAM = 25LAFJU3F7;
				PRODUCT_NAME = "$(TARGET_NAME)";
				SWIFT_VERSION = 3.0;
			};
			name = Debug;
		};
		30E49ACF1DC3B349000F1790 /* Release */ = {
			isa = XCBuildConfiguration;
			buildSettings = {
				DEVELOPMENT_TEAM = 25LAFJU3F7;
				PRODUCT_NAME = "$(TARGET_NAME)";
				SWIFT_VERSION = 3.0;
			};
			name = Release;
		};
/* End XCBuildConfiguration section */

/* Begin XCConfigurationList section */
		30E49AC11DC3B349000F1790 /* Build configuration list for PBXProject "RegexpCommandLine" */ = {
			isa = XCConfigurationList;
			buildConfigurations = (
				30E49ACB1DC3B349000F1790 /* Debug */,
				30E49ACC1DC3B349000F1790 /* Release */,
			);
			defaultConfigurationIsVisible = 0;
			defaultConfigurationName = Release;
		};
		30E49ACD1DC3B349000F1790 /* Build configuration list for PBXNativeTarget "RegexpCommandLine" */ = {
			isa = XCConfigurationList;
			buildConfigurations = (
				30E49ACE1DC3B349000F1790 /* Debug */,
				30E49ACF1DC3B349000F1790 /* Release */,
			);
			defaultConfigurationIsVisible = 0;
			defaultConfigurationName = Release;
		};
/* End XCConfigurationList section */
	};
	rootObject = 30E49ABE1DC3B349000F1790 /* Project object */;
}
